
Microsoft Visual Studio Solution File, Format Version 12.00
# Visual Studio Version 17
VisualStudioVersion = 17.8.34316.72
MinimumVisualStudioVersion = 10.0.40219.1
Project("{9A19103F-16F7-4668-BE54-9A1E7A4F7556}") = "Runner", "Runner\Runner.csproj", "{0117C91C-3878-49CD-9227-E9E3E12E7ABC}"
EndProject
Project("{FAE04EC0-301F-11D3-BF4B-00C04F79EFBC}") = "SortLib", "SortLib\SortLib.csproj", "{6D8B228C-7180-4F8E-86CC-F68EE91942AB}"
EndProject
Global
	GlobalSection(SolutionConfigurationPlatforms) = preSolution
		Debug|Any CPU = Debug|Any CPU
		Release|Any CPU = Release|Any CPU
	EndGlobalSection
	GlobalSection(ProjectConfigurationPlatforms) = postSolution
		{0117C91C-3878-49CD-9227-E9E3E12E7ABC}.Debug|Any CPU.ActiveCfg = Debug|Any CPU
		{0117C91C-3878-49CD-9227-E9E3E12E7ABC}.Debug|Any CPU.Build.0 = Debug|Any CPU
		{0117C91C-3878-49CD-9227-E9E3E12E7ABC}.Release|Any CPU.ActiveCfg = Release|Any CPU
		{0117C91C-3878-49CD-9227-E9E3E12E7ABC}.Release|Any CPU.Build.0 = Release|Any CPU
		{6D8B228C-7180-4F8E-86CC-F68EE91942AB}.Debug|Any CPU.ActiveCfg = Debug|Any CPU
		{6D8B228C-7180-4F8E-86CC-F68EE91942AB}.Debug|Any CPU.Build.0 = Debug|Any CPU
		{6D8B228C-7180-4F8E-86CC-F68EE91942AB}.Release|Any CPU.ActiveCfg = Release|Any CPU
		{6D8B228C-7180-4F8E-86CC-F68EE91942AB}.Release|Any CPU.Build.0 = Release|Any CPU
	EndGlobalSection
	GlobalSection(SolutionProperties) = preSolution
		HideSolutionNode = FALSE
	EndGlobalSection
	GlobalSection(ExtensibilityGlobals) = postSolution
		SolutionGuid = {720897EC-E6CE-450F-A0F9-69EE4C5E0F77}
	EndGlobalSection
EndGlobal
